Microsoft Visual Studio Solution File, Format Version 12.00
# Visual Studio 2012
Project("{FAE04EC0-301F-11D3-BF4B-00C04F79EFBC}") = "JitterGodot", "JitterGodot.csproj", "{D95E4F8D-CDCA-48E7-95EC-3EBBD7A0431A}"
EndProject
Global
	GlobalSection(SolutionConfigurationPlatforms) = preSolution
	Debug|Any CPU = Debug|Any CPU
	ExportDebug|Any CPU = ExportDebug|Any CPU
	ExportRelease|Any CPU = ExportRelease|Any CPU
	EndGlobalSection
	GlobalSection(ProjectConfigurationPlatforms) = postSolution
		{D95E4F8D-CDCA-48E7-95EC-3EBBD7A0431A}.Debug|Any CPU.ActiveCfg = Debug|Any CPU
		{D95E4F8D-CDCA-48E7-95EC-3EBBD7A0431A}.Debug|Any CPU.Build.0 = Debug|Any CPU
		{D95E4F8D-CDCA-48E7-95EC-3EBBD7A0431A}.ExportDebug|Any CPU.ActiveCfg = ExportDebug|Any CPU
		{D95E4F8D-CDCA-48E7-95EC-3EBBD7A0431A}.ExportDebug|Any CPU.Build.0 = ExportDebug|Any CPU
		{D95E4F8D-CDCA-48E7-95EC-3EBBD7A0431A}.ExportRelease|Any CPU.ActiveCfg = ExportRelease|Any CPU
		{D95E4F8D-CDCA-48E7-95EC-3EBBD7A0431A}.ExportRelease|Any CPU.Build.0 = ExportRelease|Any CPU
	EndGlobalSection
EndGlobal
