
Microsoft Visual Studio Solution File, Format Version 12.00
# Visual Studio Version 17
VisualStudioVersion = 17.4.33205.214
MinimumVisualStudioVersion = 10.0.40219.1
Project("{9A19103F-16F7-4668-BE54-9A1E7A4F7556}") = "JitterDemo", "JitterDemo\JitterDemo.csproj", "{72FE1C6B-BEF7-420E-BC33-EA5A807F8E0B}"
EndProject
Project("{9A19103F-16F7-4668-BE54-9A1E7A4F7556}") = "Jitter2", "Jitter2\Jitter2.csproj", "{2B3C7FF7-AC18-4301-9F67-664E7C3D029A}"
EndProject
Project("{9A19103F-16F7-4668-BE54-9A1E7A4F7556}") = "JitterTests", "JitterTests\JitterTests.csproj", "{7BF1FFC1-7C57-4E98-BCAE-CF1314D3C448}"
EndProject
Project("{2150E333-8FDC-42A3-9474-1A3956D46DE8}") = "Solution Items", "Solution Items", "{E56321C4-A30F-49A6-9B55-D6B0952EB5A2}"
	ProjectSection(SolutionItems) = preProject
		.editorconfig = .editorconfig
	EndProjectSection
EndProject
Project("{9A19103F-16F7-4668-BE54-9A1E7A4F7556}") = "JitterBenchmark", "JitterBenchmark\JitterBenchmark.csproj", "{2F4C8CF8-AF11-4B68-8521-2806A44CAA6F}"
EndProject
Project("{9A19103F-16F7-4668-BE54-9A1E7A4F7556}") = "FixedMath", "FixedMath\FixedMath.csproj", "{1A69B9ED-0F3A-4C96-AEA5-F48C10160199}"
EndProject
Project("{9A19103F-16F7-4668-BE54-9A1E7A4F7556}") = "FixedMath.Numerics", "FixedMath.Numerics\FixedMath.Numerics.csproj", "{573BF76B-995B-4CD5-9FFD-000AE667D8A3}"
EndProject
Project("{FAE04EC0-301F-11D3-BF4B-00C04F79EFBC}") = "Jitter2Process", "Jitter2Process\Jitter2Process.csproj", "{084F179A-3243-4BBE-8006-1B3AE29113A9}"
EndProject
Global
	GlobalSection(SolutionConfigurationPlatforms) = preSolution
		Debug|Any CPU = Debug|Any CPU
		Release|Any CPU = Release|Any CPU
	EndGlobalSection
	GlobalSection(ProjectConfigurationPlatforms) = postSolution
		{72FE1C6B-BEF7-420E-BC33-EA5A807F8E0B}.Debug|Any CPU.ActiveCfg = Debug|Any CPU
		{72FE1C6B-BEF7-420E-BC33-EA5A807F8E0B}.Debug|Any CPU.Build.0 = Debug|Any CPU
		{72FE1C6B-BEF7-420E-BC33-EA5A807F8E0B}.Release|Any CPU.ActiveCfg = Release|Any CPU
		{72FE1C6B-BEF7-420E-BC33-EA5A807F8E0B}.Release|Any CPU.Build.0 = Release|Any CPU
		{2B3C7FF7-AC18-4301-9F67-664E7C3D029A}.Debug|Any CPU.ActiveCfg = Debug|Any CPU
		{2B3C7FF7-AC18-4301-9F67-664E7C3D029A}.Debug|Any CPU.Build.0 = Debug|Any CPU
		{2B3C7FF7-AC18-4301-9F67-664E7C3D029A}.Release|Any CPU.ActiveCfg = Release|Any CPU
		{2B3C7FF7-AC18-4301-9F67-664E7C3D029A}.Release|Any CPU.Build.0 = Release|Any CPU
		{7BF1FFC1-7C57-4E98-BCAE-CF1314D3C448}.Debug|Any CPU.ActiveCfg = Debug|Any CPU
		{7BF1FFC1-7C57-4E98-BCAE-CF1314D3C448}.Debug|Any CPU.Build.0 = Debug|Any CPU
		{7BF1FFC1-7C57-4E98-BCAE-CF1314D3C448}.Release|Any CPU.ActiveCfg = Release|Any CPU
		{7BF1FFC1-7C57-4E98-BCAE-CF1314D3C448}.Release|Any CPU.Build.0 = Release|Any CPU
		{2F4C8CF8-AF11-4B68-8521-2806A44CAA6F}.Debug|Any CPU.ActiveCfg = Debug|Any CPU
		{2F4C8CF8-AF11-4B68-8521-2806A44CAA6F}.Debug|Any CPU.Build.0 = Debug|Any CPU
		{2F4C8CF8-AF11-4B68-8521-2806A44CAA6F}.Release|Any CPU.ActiveCfg = Release|Any CPU
		{2F4C8CF8-AF11-4B68-8521-2806A44CAA6F}.Release|Any CPU.Build.0 = Release|Any CPU
		{1A69B9ED-0F3A-4C96-AEA5-F48C10160199}.Debug|Any CPU.ActiveCfg = Debug|Any CPU
		{1A69B9ED-0F3A-4C96-AEA5-F48C10160199}.Debug|Any CPU.Build.0 = Debug|Any CPU
		{1A69B9ED-0F3A-4C96-AEA5-F48C10160199}.Release|Any CPU.ActiveCfg = Release|Any CPU
		{1A69B9ED-0F3A-4C96-AEA5-F48C10160199}.Release|Any CPU.Build.0 = Release|Any CPU
		{573BF76B-995B-4CD5-9FFD-000AE667D8A3}.Debug|Any CPU.ActiveCfg = Debug|Any CPU
		{573BF76B-995B-4CD5-9FFD-000AE667D8A3}.Debug|Any CPU.Build.0 = Debug|Any CPU
		{573BF76B-995B-4CD5-9FFD-000AE667D8A3}.Release|Any CPU.ActiveCfg = Release|Any CPU
		{573BF76B-995B-4CD5-9FFD-000AE667D8A3}.Release|Any CPU.Build.0 = Release|Any CPU
		{084F179A-3243-4BBE-8006-1B3AE29113A9}.Debug|Any CPU.ActiveCfg = Debug|Any CPU
		{084F179A-3243-4BBE-8006-1B3AE29113A9}.Debug|Any CPU.Build.0 = Debug|Any CPU
		{084F179A-3243-4BBE-8006-1B3AE29113A9}.Release|Any CPU.ActiveCfg = Release|Any CPU
		{084F179A-3243-4BBE-8006-1B3AE29113A9}.Release|Any CPU.Build.0 = Release|Any CPU
	EndGlobalSection
	GlobalSection(SolutionProperties) = preSolution
		HideSolutionNode = FALSE
	EndGlobalSection
	GlobalSection(ExtensibilityGlobals) = postSolution
		SolutionGuid = {2D97F033-EBA6-48F2-8300-843283E8622B}
	EndGlobalSection
EndGlobal
